
Microsoft Visual Studio Solution File, Format Version 12.00
# Visual Studio 14
VisualStudioVersion = 14.0.24720.0
MinimumVisualStudioVersion = 10.0.40219.1
Project("{FAE04EC0-301F-11D3-BF4B-00C04F79EFBC}") = "Radar", "Radar\Radar\Radar.csproj", "{0D7118CE-020D-4CAC-8CA6-95110C856A12}"
EndProject
Project("{FAE04EC0-301F-11D3-BF4B-00C04F79EFBC}") = "Radar.Droid", "Radar\Radar.Droid\Radar.Droid.csproj", "{1F1D9B32-26D5-4D47-9731-6B44BFDFC65F}"
EndProject
Project("{FAE04EC0-301F-11D3-BF4B-00C04F79EFBC}") = "Radar.iOS", "Radar.iOS\Radar.iOS.csproj", "{1DB5D593-F011-4A2A-A922-26661FC7D928}"
EndProject
Project("{FAE04EC0-301F-11D3-BF4B-00C04F79EFBC}") = "ClubManagement", "ClubManagement\ClubManagement.csproj", "{67F9D3A8-F71E-4428-913F-C37AE82CDB24}"
EndProject
Project("{FAE04EC0-301F-11D3-BF4B-00C04F79EFBC}") = "ClubManagement.Droid", "ClubManagement.Droid\ClubManagement.Droid.csproj", "{A9C44317-8E63-4904-884B-6DD97476ADD4}"
EndProject
Project("{FAE04EC0-301F-11D3-BF4B-00C04F79EFBC}") = "ClubManagement.iOS", "ClubManagement.iOS\ClubManagement.iOS.csproj", "{D6EA51AD-1DCA-4367-8593-EA189252B19D}"
EndProject
Global
	GlobalSection(SolutionConfigurationPlatforms) = preSolution
		Ad-Hoc|Any CPU = Ad-Hoc|Any CPU
		Ad-Hoc|iPhone = Ad-Hoc|iPhone
		Ad-Hoc|iPhoneSimulator = Ad-Hoc|iPhoneSimulator
		AppStore|Any CPU = AppStore|Any CPU
		AppStore|iPhone = AppStore|iPhone
		AppStore|iPhoneSimulator = AppStore|iPhoneSimulator
		Debug|Any CPU = Debug|Any CPU
		Debug|iPhone = Debug|iPhone
		Debug|iPhoneSimulator = Debug|iPhoneSimulator
		Release|Any CPU = Release|Any CPU
		Release|iPhone = Release|iPhone
		Release|iPhoneSimulator = Release|iPhoneSimulator
	EndGlobalSection
	GlobalSection(ProjectConfigurationPlatforms) = postSolution
		{0D7118CE-020D-4CAC-8CA6-95110C856A12}.Ad-Hoc|Any CPU.ActiveCfg = Release|Any CPU
		{0D7118CE-020D-4CAC-8CA6-95110C856A12}.Ad-Hoc|Any CPU.Build.0 = Release|Any CPU
		{0D7118CE-020D-4CAC-8CA6-95110C856A12}.Ad-Hoc|iPhone.ActiveCfg = Release|Any CPU
		{0D7118CE-020D-4CAC-8CA6-95110C856A12}.Ad-Hoc|iPhone.Build.0 = Release|Any CPU
		{0D7118CE-020D-4CAC-8CA6-95110C856A12}.Ad-Hoc|iPhoneSimulator.ActiveCfg = Release|Any CPU
		{0D7118CE-020D-4CAC-8CA6-95110C856A12}.Ad-Hoc|iPhoneSimulator.Build.0 = Release|Any CPU
		{0D7118CE-020D-4CAC-8CA6-95110C856A12}.AppStore|Any CPU.ActiveCfg = Release|Any CPU
		{0D7118CE-020D-4CAC-8CA6-95110C856A12}.AppStore|Any CPU.Build.0 = Release|Any CPU
		{0D7118CE-020D-4CAC-8CA6-95110C856A12}.AppStore|iPhone.ActiveCfg = Release|Any CPU
		{0D7118CE-020D-4CAC-8CA6-95110C856A12}.AppStore|iPhone.Build.0 = Release|Any CPU
		{0D7118CE-020D-4CAC-8CA6-95110C856A12}.AppStore|iPhoneSimulator.ActiveCfg = Release|Any CPU
		{0D7118CE-020D-4CAC-8CA6-95110C856A12}.AppStore|iPhoneSimulator.Build.0 = Release|Any CPU
		{0D7118CE-020D-4CAC-8CA6-95110C856A12}.Debug|Any CPU.ActiveCfg = Debug|Any CPU
		{0D7118CE-020D-4CAC-8CA6-95110C856A12}.Debug|Any CPU.Build.0 = Debug|Any CPU
		{0D7118CE-020D-4CAC-8CA6-95110C856A12}.Debug|iPhone.ActiveCfg = Debug|Any CPU
		{0D7118CE-020D-4CAC-8CA6-95110C856A12}.Debug|iPhone.Build.0 = Debug|Any CPU
		{0D7118CE-020D-4CAC-8CA6-95110C856A12}.Debug|iPhoneSimulator.ActiveCfg = Debug|Any CPU
		{0D7118CE-020D-4CAC-8CA6-95110C856A12}.Debug|iPhoneSimulator.Build.0 = Debug|Any CPU
		{0D7118CE-020D-4CAC-8CA6-95110C856A12}.Release|Any CPU.ActiveCfg = Release|Any CPU
		{0D7118CE-020D-4CAC-8CA6-95110C856A12}.Release|Any CPU.Build.0 = Release|Any CPU
		{0D7118CE-020D-4CAC-8CA6-95110C856A12}.Release|iPhone.ActiveCfg = Release|Any CPU
		{0D7118CE-020D-4CAC-8CA6-95110C856A12}.Release|iPhone.Build.0 = Release|Any CPU
		{0D7118CE-020D-4CAC-8CA6-95110C856A12}.Release|iPhoneSimulator.ActiveCfg = Release|Any CPU
		{0D7118CE-020D-4CAC-8CA6-95110C856A12}.Release|iPhoneSimulator.Build.0 = Release|Any CPU
		{1F1D9B32-26D5-4D47-9731-6B44BFDFC65F}.Ad-Hoc|Any CPU.ActiveCfg = Release|Any CPU
		{1F1D9B32-26D5-4D47-9731-6B44BFDFC65F}.Ad-Hoc|Any CPU.Build.0 = Release|Any CPU
		{1F1D9B32-26D5-4D47-9731-6B44BFDFC65F}.Ad-Hoc|Any CPU.Deploy.0 = Release|Any CPU
		{1F1D9B32-26D5-4D47-9731-6B44BFDFC65F}.Ad-Hoc|iPhone.ActiveCfg = Release|Any CPU
		{1F1D9B32-26D5-4D47-9731-6B44BFDFC65F}.Ad-Hoc|iPhone.Build.0 = Release|Any CPU
		{1F1D9B32-26D5-4D47-9731-6B44BFDFC65F}.Ad-Hoc|iPhone.Deploy.0 = Release|Any CPU
		{1F1D9B32-26D5-4D47-9731-6B44BFDFC65F}.Ad-Hoc|iPhoneSimulator.ActiveCfg = Release|Any CPU
		{1F1D9B32-26D5-4D47-9731-6B44BFDFC65F}.Ad-Hoc|iPhoneSimulator.Build.0 = Release|Any CPU
		{1F1D9B32-26D5-4D47-9731-6B44BFDFC65F}.Ad-Hoc|iPhoneSimulator.Deploy.0 = Release|Any CPU
		{1F1D9B32-26D5-4D47-9731-6B44BFDFC65F}.AppStore|Any CPU.ActiveCfg = Release|Any CPU
		{1F1D9B32-26D5-4D47-9731-6B44BFDFC65F}.AppStore|Any CPU.Build.0 = Release|Any CPU
		{1F1D9B32-26D5-4D47-9731-6B44BFDFC65F}.AppStore|Any CPU.Deploy.0 = Release|Any CPU
		{1F1D9B32-26D5-4D47-9731-6B44BFDFC65F}.AppStore|iPhone.ActiveCfg = Release|Any CPU
		{1F1D9B32-26D5-4D47-9731-6B44BFDFC65F}.AppStore|iPhone.Build.0 = Release|Any CPU
		{1F1D9B32-26D5-4D47-9731-6B44BFDFC65F}.AppStore|iPhone.Deploy.0 = Release|Any CPU
		{1F1D9B32-26D5-4D47-9731-6B44BFDFC65F}.AppStore|iPhoneSimulator.ActiveCfg = Release|Any CPU
		{1F1D9B32-26D5-4D47-9731-6B44BFDFC65F}.AppStore|iPhoneSimulator.Build.0 = Release|Any CPU
		{1F1D9B32-26D5-4D47-9731-6B44BFDFC65F}.AppStore|iPhoneSimulator.Deploy.0 = Release|Any CPU
		{1F1D9B32-26D5-4D47-9731-6B44BFDFC65F}.Debug|Any CPU.ActiveCfg = Debug|Any CPU
		{1F1D9B32-26D5-4D47-9731-6B44BFDFC65F}.Debug|Any CPU.Build.0 = Debug|Any CPU
		{1F1D9B32-26D5-4D47-9731-6B44BFDFC65F}.Debug|Any CPU.Deploy.0 = Debug|Any CPU
		{1F1D9B32-26D5-4D47-9731-6B44BFDFC65F}.Debug|iPhone.ActiveCfg = Debug|Any CPU
		{1F1D9B32-26D5-4D47-9731-6B44BFDFC65F}.Debug|iPhone.Build.0 = Debug|Any CPU
		{1F1D9B32-26D5-4D47-9731-6B44BFDFC65F}.Debug|iPhone.Deploy.0 = Debug|Any CPU
		{1F1D9B32-26D5-4D47-9731-6B44BFDFC65F}.Debug|iPhoneSimulator.ActiveCfg = Debug|Any CPU
		{1F1D9B32-26D5-4D47-9731-6B44BFDFC65F}.Debug|iPhoneSimulator.Build.0 = Debug|Any CPU
		{1F1D9B32-26D5-4D47-9731-6B44BFDFC65F}.Debug|iPhoneSimulator.Deploy.0 = Debug|Any CPU
		{1F1D9B32-26D5-4D47-9731-6B44BFDFC65F}.Release|Any CPU.ActiveCfg = Release|Any CPU
		{1F1D9B32-26D5-4D47-9731-6B44BFDFC65F}.Release|Any CPU.Build.0 = Release|Any CPU
		{1F1D9B32-26D5-4D47-9731-6B44BFDFC65F}.Release|Any CPU.Deploy.0 = Release|Any CPU
		{1F1D9B32-26D5-4D47-9731-6B44BFDFC65F}.Release|iPhone.ActiveCfg = Release|Any CPU
		{1F1D9B32-26D5-4D47-9731-6B44BFDFC65F}.Release|iPhone.Build.0 = Release|Any CPU
		{1F1D9B32-26D5-4D47-9731-6B44BFDFC65F}.Release|iPhone.Deploy.0 = Release|Any CPU
		{1F1D9B32-26D5-4D47-9731-6B44BFDFC65F}.Release|iPhoneSimulator.ActiveCfg = Release|Any CPU
		{1F1D9B32-26D5-4D47-9731-6B44BFDFC65F}.Release|iPhoneSimulator.Build.0 = Release|Any CPU
		{1F1D9B32-26D5-4D47-9731-6B44BFDFC65F}.Release|iPhoneSimulator.Deploy.0 = Release|Any CPU
		{1DB5D593-F011-4A2A-A922-26661FC7D928}.Ad-Hoc|Any CPU.ActiveCfg = Ad-Hoc|iPhone
		{1DB5D593-F011-4A2A-A922-26661FC7D928}.Ad-Hoc|iPhone.ActiveCfg = Ad-Hoc|iPhone
		{1DB5D593-F011-4A2A-A922-26661FC7D928}.Ad-Hoc|iPhone.Build.0 = Ad-Hoc|iPhone
		{1DB5D593-F011-4A2A-A922-26661FC7D928}.Ad-Hoc|iPhoneSimulator.ActiveCfg = Ad-Hoc|iPhoneSimulator
		{1DB5D593-F011-4A2A-A922-26661FC7D928}.Ad-Hoc|iPhoneSimulator.Build.0 = Ad-Hoc|iPhoneSimulator
		{1DB5D593-F011-4A2A-A922-26661FC7D928}.AppStore|Any CPU.ActiveCfg = AppStore|iPhone
		{1DB5D593-F011-4A2A-A922-26661FC7D928}.AppStore|iPhone.ActiveCfg = AppStore|iPhone
		{1DB5D593-F011-4A2A-A922-26661FC7D928}.AppStore|iPhone.Build.0 = AppStore|iPhone
		{1DB5D593-F011-4A2A-A922-26661FC7D928}.AppStore|iPhoneSimulator.ActiveCfg = AppStore|iPhoneSimulator
		{1DB5D593-F011-4A2A-A922-26661FC7D928}.AppStore|iPhoneSimulator.Build.0 = AppStore|iPhoneSimulator
		{1DB5D593-F011-4A2A-A922-26661FC7D928}.Debug|Any CPU.ActiveCfg = Debug|iPhone
		{1DB5D593-F011-4A2A-A922-26661FC7D928}.Debug|iPhone.ActiveCfg = Debug|iPhone
		{1DB5D593-F011-4A2A-A922-26661FC7D928}.Debug|iPhone.Build.0 = Debug|iPhone
		{1DB5D593-F011-4A2A-A922-26661FC7D928}.Debug|iPhoneSimulator.ActiveCfg = Debug|iPhoneSimulator
		{1DB5D593-F011-4A2A-A922-26661FC7D928}.Debug|iPhoneSimulator.Build.0 = Debug|iPhoneSimulator
		{1DB5D593-F011-4A2A-A922-26661FC7D928}.Release|Any CPU.ActiveCfg = Release|iPhone
		{1DB5D593-F011-4A2A-A922-26661FC7D928}.Release|iPhone.ActiveCfg = Release|iPhone
		{1DB5D593-F011-4A2A-A922-26661FC7D928}.Release|iPhone.Build.0 = Release|iPhone
		{1DB5D593-F011-4A2A-A922-26661FC7D928}.Release|iPhoneSimulator.ActiveCfg = Release|iPhoneSimulator
		{1DB5D593-F011-4A2A-A922-26661FC7D928}.Release|iPhoneSimulator.Build.0 = Release|iPhoneSimulator
		{1DB5D593-F011-4A2A-A922-26661FC7D928}.Debug|Any CPU.Build.0 = Debug|iPhone
		{67F9D3A8-F71E-4428-913F-C37AE82CDB24}.Ad-Hoc|Any CPU.ActiveCfg = Release|Any CPU
		{67F9D3A8-F71E-4428-913F-C37AE82CDB24}.Ad-Hoc|Any CPU.Build.0 = Release|Any CPU
		{67F9D3A8-F71E-4428-913F-C37AE82CDB24}.Ad-Hoc|iPhone.ActiveCfg = Release|Any CPU
		{67F9D3A8-F71E-4428-913F-C37AE82CDB24}.Ad-Hoc|iPhone.Build.0 = Release|Any CPU
		{67F9D3A8-F71E-4428-913F-C37AE82CDB24}.Ad-Hoc|iPhoneSimulator.ActiveCfg = Release|Any CPU
		{67F9D3A8-F71E-4428-913F-C37AE82CDB24}.Ad-Hoc|iPhoneSimulator.Build.0 = Release|Any CPU
		{67F9D3A8-F71E-4428-913F-C37AE82CDB24}.AppStore|Any CPU.ActiveCfg = Release|Any CPU
		{67F9D3A8-F71E-4428-913F-C37AE82CDB24}.AppStore|Any CPU.Build.0 = Release|Any CPU
		{67F9D3A8-F71E-4428-913F-C37AE82CDB24}.AppStore|iPhone.ActiveCfg = Release|Any CPU
		{67F9D3A8-F71E-4428-913F-C37AE82CDB24}.AppStore|iPhone.Build.0 = Release|Any CPU
		{67F9D3A8-F71E-4428-913F-C37AE82CDB24}.AppStore|iPhoneSimulator.ActiveCfg = Release|Any CPU
		{67F9D3A8-F71E-4428-913F-C37AE82CDB24}.AppStore|iPhoneSimulator.Build.0 = Release|Any CPU
		{67F9D3A8-F71E-4428-913F-C37AE82CDB24}.Debug|Any CPU.ActiveCfg = Debug|Any CPU
		{67F9D3A8-F71E-4428-913F-C37AE82CDB24}.Debug|Any CPU.Build.0 = Debug|Any CPU
		{67F9D3A8-F71E-4428-913F-C37AE82CDB24}.Debug|iPhone.ActiveCfg = Debug|Any CPU
		{67F9D3A8-F71E-4428-913F-C37AE82CDB24}.Debug|iPhone.Build.0 = Debug|Any CPU
		{67F9D3A8-F71E-4428-913F-C37AE82CDB24}.Debug|iPhoneSimulator.ActiveCfg = Debug|Any CPU
		{67F9D3A8-F71E-4428-913F-C37AE82CDB24}.Debug|iPhoneSimulator.Build.0 = Debug|Any CPU
		{67F9D3A8-F71E-4428-913F-C37AE82CDB24}.Release|Any CPU.ActiveCfg = Release|Any CPU
		{67F9D3A8-F71E-4428-913F-C37AE82CDB24}.Release|Any CPU.Build.0 = Release|Any CPU
		{67F9D3A8-F71E-4428-913F-C37AE82CDB24}.Release|iPhone.ActiveCfg = Release|Any CPU
		{67F9D3A8-F71E-4428-913F-C37AE82CDB24}.Release|iPhone.Build.0 = Release|Any CPU
		{67F9D3A8-F71E-4428-913F-C37AE82CDB24}.Release|iPhoneSimulator.ActiveCfg = Release|Any CPU
		{67F9D3A8-F71E-4428-913F-C37AE82CDB24}.Release|iPhoneSimulator.Build.0 = Release|Any CPU
		{A9C44317-8E63-4904-884B-6DD97476ADD4}.Ad-Hoc|Any CPU.ActiveCfg = Release|Any CPU
		{A9C44317-8E63-4904-884B-6DD97476ADD4}.Ad-Hoc|Any CPU.Build.0 = Release|Any CPU
		{A9C44317-8E63-4904-884B-6DD97476ADD4}.Ad-Hoc|iPhone.ActiveCfg = Release|Any CPU
		{A9C44317-8E63-4904-884B-6DD97476ADD4}.Ad-Hoc|iPhone.Build.0 = Release|Any CPU
		{A9C44317-8E63-4904-884B-6DD97476ADD4}.Ad-Hoc|iPhoneSimulator.ActiveCfg = Release|Any CPU
		{A9C44317-8E63-4904-884B-6DD97476ADD4}.Ad-Hoc|iPhoneSimulator.Build.0 = Release|Any CPU
		{A9C44317-8E63-4904-884B-6DD97476ADD4}.AppStore|Any CPU.ActiveCfg = Release|Any CPU
		{A9C44317-8E63-4904-884B-6DD97476ADD4}.AppStore|Any CPU.Build.0 = Release|Any CPU
		{A9C44317-8E63-4904-884B-6DD97476ADD4}.AppStore|iPhone.ActiveCfg = Release|Any CPU
		{A9C44317-8E63-4904-884B-6DD97476ADD4}.AppStore|iPhone.Build.0 = Release|Any CPU
		{A9C44317-8E63-4904-884B-6DD97476ADD4}.AppStore|iPhoneSimulator.ActiveCfg = Release|Any CPU
		{A9C44317-8E63-4904-884B-6DD97476ADD4}.AppStore|iPhoneSimulator.Build.0 = Release|Any CPU
		{A9C44317-8E63-4904-884B-6DD97476ADD4}.Debug|Any CPU.ActiveCfg = Debug|Any CPU
		{A9C44317-8E63-4904-884B-6DD97476ADD4}.Debug|Any CPU.Build.0 = Debug|Any CPU
		{A9C44317-8E63-4904-884B-6DD97476ADD4}.Debug|iPhone.ActiveCfg = Debug|Any CPU
		{A9C44317-8E63-4904-884B-6DD97476ADD4}.Debug|iPhone.Build.0 = Debug|Any CPU
		{A9C44317-8E63-4904-884B-6DD97476ADD4}.Debug|iPhoneSimulator.ActiveCfg = Debug|Any CPU
		{A9C44317-8E63-4904-884B-6DD97476ADD4}.Debug|iPhoneSimulator.Build.0 = Debug|Any CPU
		{A9C44317-8E63-4904-884B-6DD97476ADD4}.Release|Any CPU.ActiveCfg = Release|Any CPU
		{A9C44317-8E63-4904-884B-6DD97476ADD4}.Release|Any CPU.Build.0 = Release|Any CPU
		{A9C44317-8E63-4904-884B-6DD97476ADD4}.Release|iPhone.ActiveCfg = Release|Any CPU
		{A9C44317-8E63-4904-884B-6DD97476ADD4}.Release|iPhone.Build.0 = Release|Any CPU
		{A9C44317-8E63-4904-884B-6DD97476ADD4}.Release|iPhoneSimulator.ActiveCfg = Release|Any CPU
		{A9C44317-8E63-4904-884B-6DD97476ADD4}.Release|iPhoneSimulator.Build.0 = Release|Any CPU
		{D6EA51AD-1DCA-4367-8593-EA189252B19D}.Ad-Hoc|Any CPU.ActiveCfg = Release|Any CPU
		{D6EA51AD-1DCA-4367-8593-EA189252B19D}.Ad-Hoc|Any CPU.Build.0 = Release|Any CPU
		{D6EA51AD-1DCA-4367-8593-EA189252B19D}.Ad-Hoc|iPhone.ActiveCfg = Release|Any CPU
		{D6EA51AD-1DCA-4367-8593-EA189252B19D}.Ad-Hoc|iPhone.Build.0 = Release|Any CPU
		{D6EA51AD-1DCA-4367-8593-EA189252B19D}.Ad-Hoc|iPhoneSimulator.ActiveCfg = Release|Any CPU
		{D6EA51AD-1DCA-4367-8593-EA189252B19D}.Ad-Hoc|iPhoneSimulator.Build.0 = Release|Any CPU
		{D6EA51AD-1DCA-4367-8593-EA189252B19D}.AppStore|Any CPU.ActiveCfg = Release|Any CPU
		{D6EA51AD-1DCA-4367-8593-EA189252B19D}.AppStore|Any CPU.Build.0 = Release|Any CPU
		{D6EA51AD-1DCA-4367-8593-EA189252B19D}.AppStore|iPhone.ActiveCfg = Release|Any CPU
		{D6EA51AD-1DCA-4367-8593-EA189252B19D}.AppStore|iPhone.Build.0 = Release|Any CPU
		{D6EA51AD-1DCA-4367-8593-EA189252B19D}.AppStore|iPhoneSimulator.ActiveCfg = Release|Any CPU
		{D6EA51AD-1DCA-4367-8593-EA189252B19D}.AppStore|iPhoneSimulator.Build.0 = Release|Any CPU
		{D6EA51AD-1DCA-4367-8593-EA189252B19D}.Debug|Any CPU.ActiveCfg = Debug|Any CPU
		{D6EA51AD-1DCA-4367-8593-EA189252B19D}.Debug|Any CPU.Build.0 = Debug|Any CPU
		{D6EA51AD-1DCA-4367-8593-EA189252B19D}.Debug|iPhone.ActiveCfg = Debug|Any CPU
		{D6EA51AD-1DCA-4367-8593-EA189252B19D}.Debug|iPhone.Build.0 = Debug|Any CPU
		{D6EA51AD-1DCA-4367-8593-EA189252B19D}.Debug|iPhoneSimulator.ActiveCfg = Debug|Any CPU
		{D6EA51AD-1DCA-4367-8593-EA189252B19D}.Debug|iPhoneSimulator.Build.0 = Debug|Any CPU
		{D6EA51AD-1DCA-4367-8593-EA189252B19D}.Release|Any CPU.ActiveCfg = Release|Any CPU
		{D6EA51AD-1DCA-4367-8593-EA189252B19D}.Release|Any CPU.Build.0 = Release|Any CPU
		{D6EA51AD-1DCA-4367-8593-EA189252B19D}.Release|iPhone.ActiveCfg = Release|Any CPU
		{D6EA51AD-1DCA-4367-8593-EA189252B19D}.Release|iPhone.Build.0 = Release|Any CPU
		{D6EA51AD-1DCA-4367-8593-EA189252B19D}.Release|iPhoneSimulator.ActiveCfg = Release|Any CPU
		{D6EA51AD-1DCA-4367-8593-EA189252B19D}.Release|iPhoneSimulator.Build.0 = Release|Any CPU
	EndGlobalSection
	GlobalSection(SolutionProperties) = preSolution
		HideSolutionNode = FALSE
	EndGlobalSection
	GlobalSection(MonoDevelopProperties) = preSolution
		Policies = $0
		$0.DotNetNamingPolicy = $1
		$1.DirectoryNamespaceAssociation = None
		$1.ResourceNamePolicy = FileFormatDefault
		$0.StandardHeader = $2
		$2.Text = 
		$2.IncludeInNewFiles = True
		$0.NameConventionPolicy = $3
		$3.Rules = $4
		$4.NamingRule = $5
		$5.Name = Type Parameters
		$5.AffectedEntity = TypeParameter
		$5.VisibilityMask = VisibilityMask
		$5.NamingStyle = PascalCase
		$5.IncludeInstanceMembers = True
		$5.IncludeStaticEntities = True
		$5.RequiredPrefixes = $6
		$6.String = T
		$5.RequiredSuffixes = $7
		$7.String = Exception
	EndGlobalSection
EndGlobal
